
Microsoft Visual Studio Solution File, Format Version 12.00
# Visual Studio Version 16
VisualStudioVersion = 16.0.29521.150
MinimumVisualStudioVersion = 10.0.40219.1
Project("{9A19103F-16F7-4668-BE54-9A1E7A4F7556}") = "Isolation", "Isolation\Start\Isolation.csproj", "{D957ADE4-C71A-460C-BF3D-BE33A7BC57D8}"
EndProject
Project("{9A19103F-16F7-4668-BE54-9A1E7A4F7556}") = "Sass", "Sass\Start\Sass.csproj", "{A5988502-DBD3-4812-9A93-0B588BB061F8}"
EndProject
Global
	GlobalSection(SolutionConfigurationPlatforms) = preSolution
		Debug|Any CPU = Debug|Any CPU
		Release|Any CPU = Release|Any CPU
	EndGlobalSection
	GlobalSection(ProjectConfigurationPlatforms) = postSolution
		{D957ADE4-C71A-460C-BF3D-BE33A7BC57D8}.Debug|Any CPU.ActiveCfg = Debug|Any CPU
		{D957ADE4-C71A-460C-BF3D-BE33A7BC57D8}.Debug|Any CPU.Build.0 = Debug|Any CPU
		{D957ADE4-C71A-460C-BF3D-BE33A7BC57D8}.Release|Any CPU.ActiveCfg = Release|Any CPU
		{D957ADE4-C71A-460C-BF3D-BE33A7BC57D8}.Release|Any CPU.Build.0 = Release|Any CPU
		{A5988502-DBD3-4812-9A93-0B588BB061F8}.Debug|Any CPU.ActiveCfg = Debug|Any CPU
		{A5988502-DBD3-4812-9A93-0B588BB061F8}.Debug|Any CPU.Build.0 = Debug|Any CPU
		{A5988502-DBD3-4812-9A93-0B588BB061F8}.Release|Any CPU.ActiveCfg = Release|Any CPU
		{A5988502-DBD3-4812-9A93-0B588BB061F8}.Release|Any CPU.Build.0 = Release|Any CPU
	EndGlobalSection
	GlobalSection(SolutionProperties) = preSolution
		HideSolutionNode = FALSE
	EndGlobalSection
	GlobalSection(ExtensibilityGlobals) = postSolution
		SolutionGuid = {688742A6-ED7F-4BF4-9FCD-9D8F0607BD73}
	EndGlobalSection
EndGlobal
