
Microsoft Visual Studio Solution File, Format Version 12.00
# Visual Studio Version 16
VisualStudioVersion = 16.0.29521.150
MinimumVisualStudioVersion = 10.0.40219.1
Project("{FAE04EC0-301F-11D3-BF4B-00C04F79EFBC}") = "Builtin", "Builtin\Builtin.csproj", "{73AC733E-09E0-42E7-96A6-4EDBE9811CEC}"
EndProject
Global
	GlobalSection(SolutionConfigurationPlatforms) = preSolution
		Debug|Any CPU = Debug|Any CPU
		Release|Any CPU = Release|Any CPU
	EndGlobalSection
	GlobalSection(ProjectConfigurationPlatforms) = postSolution
		{73AC733E-09E0-42E7-96A6-4EDBE9811CEC}.Debug|Any CPU.ActiveCfg = Debug|Any CPU
		{73AC733E-09E0-42E7-96A6-4EDBE9811CEC}.Debug|Any CPU.Build.0 = Debug|Any CPU
		{73AC733E-09E0-42E7-96A6-4EDBE9811CEC}.Release|Any CPU.ActiveCfg = Release|Any CPU
		{73AC733E-09E0-42E7-96A6-4EDBE9811CEC}.Release|Any CPU.Build.0 = Release|Any CPU
	EndGlobalSection
	GlobalSection(SolutionProperties) = preSolution
		HideSolutionNode = FALSE
	EndGlobalSection
	GlobalSection(ExtensibilityGlobals) = postSolution
		SolutionGuid = {688742A6-ED7F-4BF4-9FCD-9D8F0607BD73}
	EndGlobalSection
EndGlobal
